
Microsoft Visual Studio Solution File, Format Version 12.00
# Visual Studio 15
VisualStudioVersion = 15.0.28307.705
MinimumVisualStudioVersion = 10.0.40219.1
Project("{FAE04EC0-301F-11D3-BF4B-00C04F79EFBC}") = "씨샵프로젝트", "씨샵프로젝트\씨샵프로젝트.csproj", "{74004774-21FD-4715-BF53-B500F9FB4999}"
EndProject
Global
	GlobalSection(SolutionConfigurationPlatforms) = preSolution
		Debug|Any CPU = Debug|Any CPU
		Release|Any CPU = Release|Any CPU
	EndGlobalSection
	GlobalSection(ProjectConfigurationPlatforms) = postSolution
		{74004774-21FD-4715-BF53-B500F9FB4999}.Debug|Any CPU.ActiveCfg = Debug|Any CPU
		{74004774-21FD-4715-BF53-B500F9FB4999}.Debug|Any CPU.Build.0 = Debug|Any CPU
		{74004774-21FD-4715-BF53-B500F9FB4999}.Release|Any CPU.ActiveCfg = Release|Any CPU
		{74004774-21FD-4715-BF53-B500F9FB4999}.Release|Any CPU.Build.0 = Release|Any CPU
	EndGlobalSection
	GlobalSection(SolutionProperties) = preSolution
		HideSolutionNode = FALSE
	EndGlobalSection
	GlobalSection(ExtensibilityGlobals) = postSolution
		SolutionGuid = {06F31EFC-BD13-4648-A4E8-B19711D8127C}
	EndGlobalSection
EndGlobal
